
Microsoft Visual Studio Solution File, Format Version 12.00
Project("{FAE04EC0-301F-11D3-BF4B-00C04F79EFBC}") = "LinkedList", "LinkedList\LinkedList.csproj", "{38530CD1-7070-4DF0-A3F8-4501A3C12DE7}"
EndProject
Project("{FAE04EC0-301F-11D3-BF4B-00C04F79EFBC}") = "Array", "Array\Array.csproj", "{208B5C17-C495-4F06-B408-37D8E435026B}"
EndProject
Project("{FAE04EC0-301F-11D3-BF4B-00C04F79EFBC}") = "HashTable", "HashTable\HashTable.csproj", "{AFD1BD3A-84A2-4195-822F-A5713500BCA8}"
EndProject
Project("{FAE04EC0-301F-11D3-BF4B-00C04F79EFBC}") = "Math", "Math\Math.csproj", "{CAC21401-8FA4-4BB2-8121-FC9FA4F9CF8F}"
EndProject
Global
	GlobalSection(SolutionConfigurationPlatforms) = preSolution
		Debug|Any CPU = Debug|Any CPU
		Release|Any CPU = Release|Any CPU
	EndGlobalSection
	GlobalSection(ProjectConfigurationPlatforms) = postSolution
		{38530CD1-7070-4DF0-A3F8-4501A3C12DE7}.Debug|Any CPU.ActiveCfg = Debug|Any CPU
		{38530CD1-7070-4DF0-A3F8-4501A3C12DE7}.Debug|Any CPU.Build.0 = Debug|Any CPU
		{38530CD1-7070-4DF0-A3F8-4501A3C12DE7}.Release|Any CPU.ActiveCfg = Release|Any CPU
		{38530CD1-7070-4DF0-A3F8-4501A3C12DE7}.Release|Any CPU.Build.0 = Release|Any CPU
		{208B5C17-C495-4F06-B408-37D8E435026B}.Debug|Any CPU.ActiveCfg = Debug|Any CPU
		{208B5C17-C495-4F06-B408-37D8E435026B}.Debug|Any CPU.Build.0 = Debug|Any CPU
		{208B5C17-C495-4F06-B408-37D8E435026B}.Release|Any CPU.ActiveCfg = Release|Any CPU
		{208B5C17-C495-4F06-B408-37D8E435026B}.Release|Any CPU.Build.0 = Release|Any CPU
		{AFD1BD3A-84A2-4195-822F-A5713500BCA8}.Debug|Any CPU.ActiveCfg = Debug|Any CPU
		{AFD1BD3A-84A2-4195-822F-A5713500BCA8}.Debug|Any CPU.Build.0 = Debug|Any CPU
		{AFD1BD3A-84A2-4195-822F-A5713500BCA8}.Release|Any CPU.ActiveCfg = Release|Any CPU
		{AFD1BD3A-84A2-4195-822F-A5713500BCA8}.Release|Any CPU.Build.0 = Release|Any CPU
		{CAC21401-8FA4-4BB2-8121-FC9FA4F9CF8F}.Debug|Any CPU.ActiveCfg = Debug|Any CPU
		{CAC21401-8FA4-4BB2-8121-FC9FA4F9CF8F}.Debug|Any CPU.Build.0 = Debug|Any CPU
		{CAC21401-8FA4-4BB2-8121-FC9FA4F9CF8F}.Release|Any CPU.ActiveCfg = Release|Any CPU
		{CAC21401-8FA4-4BB2-8121-FC9FA4F9CF8F}.Release|Any CPU.Build.0 = Release|Any CPU
	EndGlobalSection
EndGlobal
